// !$*UTF8*$!
{
	archiveVersion = 1;
	classes = {
	};
	objectVersion = 52;
	objects = {

/* Begin PBXBuildFile section */
		BE6A098C2504C99900BA90F7 /* AppDelegate.swift in Sources */ = {isa = PBXBuildFile; fileRef = BE6A098B2504C99900BA90F7 /* AppDelegate.swift */; };
		BE6A098E2504C99900BA90F7 /* SceneDelegate.swift in Sources */ = {isa = PBXBuildFile; fileRef = BE6A098D2504C99900BA90F7 /* SceneDelegate.swift */; };
		BE6A09902504C99900BA90F7 /* ContentView.swift in Sources */ = {isa = PBXBuildFile; fileRef = BE6A098F2504C99900BA90F7 /* ContentView.swift */; };
		BE6A09922504C99900BA90F7 /* Assets.xcassets in Resources */ = {isa = PBXBuildFile; fileRef = BE6A09912504C99900BA90F7 /* Assets.xcassets */; };
		BE6A09952504C99900BA90F7 /* Preview Assets.xcassets in Resources */ = {isa = PBXBuildFile; fileRef = BE6A09942504C99900BA90F7 /* Preview Assets.xcassets */; };
		BE6A09982504C99900BA90F7 /* LaunchScreen.storyboard in Resources */ = {isa = PBXBuildFile; fileRef = BE6A09962504C99900BA90F7 /* LaunchScreen.storyboard */; };
		BE6A09AE2504CA3D00BA90F7 /* WHPromise in Frameworks */ = {isa = PBXBuildFile; productRef = BE6A09AD2504CA3D00BA90F7 /* WHPromise */; };
/* End PBXBuildFile section */

/* Begin PBXFileReference section */
		A6B88E25236966CB0004495F /* WHPromise.xcconfig */ = {isa = PBXFileReference; lastKnownFileType = text.xcconfig; path = WHPromise.xcconfig; sourceTree = "<group>"; };
		A6F50C8E2364635D0043ECA1 /* README.md */ = {isa = PBXFileReference; lastKnownFileType = net.daringfireball.markdown; path = README.md; sourceTree = "<group>"; };
		A6F50C8F236465890043ECA1 /* architecture.png */ = {isa = PBXFileReference; lastKnownFileType = image.png; path = architecture.png; sourceTree = "<group>"; };
		A6F50C902364661E0043ECA1 /* .travis.yml */ = {isa = PBXFileReference; lastKnownFileType = text.yaml; path = .travis.yml; sourceTree = "<group>"; };
		A6F50C912364687E0043ECA1 /* Gemfile */ = {isa = PBXFileReference; lastKnownFileType = text; path = Gemfile; sourceTree = "<group>"; };
		BE6A094925047C9600BA90F7 /* usecase.png */ = {isa = PBXFileReference; lastKnownFileType = image.png; path = usecase.png; sourceTree = "<group>"; };
		BE6A094B2504B7CA00BA90F7 /* Appfile */ = {isa = PBXFileReference; explicitFileType = text.script.ruby; path = Appfile; sourceTree = "<group>"; };
		BE6A094C2504B7CA00BA90F7 /* Fastfile */ = {isa = PBXFileReference; explicitFileType = text.script.ruby; path = Fastfile; sourceTree = "<group>"; };
		BE6A09892504C99900BA90F7 /* WHPromiseDemo.app */ = {isa = PBXFileReference; explicitFileType = wrapper.application; includeInIndex = 0; path = WHPromiseDemo.app; sourceTree = BUILT_PRODUCTS_DIR; };
		BE6A098B2504C99900BA90F7 /* AppDelegate.swift */ = {isa = PBXFileReference; lastKnownFileType = sourcecode.swift; path = AppDelegate.swift; sourceTree = "<group>"; };
		BE6A098D2504C99900BA90F7 /* SceneDelegate.swift */ = {isa = PBXFileReference; lastKnownFileType = sourcecode.swift; path = SceneDelegate.swift; sourceTree = "<group>"; };
		BE6A098F2504C99900BA90F7 /* ContentView.swift */ = {isa = PBXFileReference; lastKnownFileType = sourcecode.swift; path = ContentView.swift; sourceTree = "<group>"; };
		BE6A09912504C99900BA90F7 /* Assets.xcassets */ = {isa = PBXFileReference; lastKnownFileType = folder.assetcatalog; path = Assets.xcassets; sourceTree = "<group>"; };
		BE6A09942504C99900BA90F7 /* Preview Assets.xcassets */ = {isa = PBXFileReference; lastKnownFileType = folder.assetcatalog; path = "Preview Assets.xcassets"; sourceTree = "<group>"; };
		BE6A09972504C99900BA90F7 /* Base */ = {isa = PBXFileReference; lastKnownFileType = file.storyboard; name = Base; path = Base.lproj/LaunchScreen.storyboard; sourceTree = "<group>"; };
		BE6A09992504C99900BA90F7 /* Info.plist */ = {isa = PBXFileReference; lastKnownFileType = text.plist.xml; path = Info.plist; sourceTree = "<group>"; };
		BE6A09AB2504CA2E00BA90F7 /* WHPromise */ = {isa = PBXFileReference; lastKnownFileType = folder; path = WHPromise; sourceTree = "<group>"; };
/* End PBXFileReference section */

/* Begin PBXFrameworksBuildPhase section */
		BE6A09862504C99900BA90F7 /* Frameworks */ = {
			isa = PBXFrameworksBuildPhase;
			buildActionMask = 2147483647;
			files = (
				BE6A09AE2504CA3D00BA90F7 /* WHPromise in Frameworks */,
			);
			runOnlyForDeploymentPostprocessing = 0;
		};
/* End PBXFrameworksBuildPhase section */

/* Begin PBXGroup section */
		A6F50C6623642C0D0043ECA1 = {
			isa = PBXGroup;
			children = (
				BE6A094A2504B7CA00BA90F7 /* fastlane */,
				BE6A098A2504C99900BA90F7 /* WHPromiseDemo */,
				BE6A09AB2504CA2E00BA90F7 /* WHPromise */,
				A6B88E25236966CB0004495F /* WHPromise.xcconfig */,
				A6F50C8E2364635D0043ECA1 /* README.md */,
				A6F50C912364687E0043ECA1 /* Gemfile */,
				A6F50C902364661E0043ECA1 /* .travis.yml */,
				BE6A094825047C7700BA90F7 /* assets */,
				A6F50C7123642C0D0043ECA1 /* Products */,
				BE6A09AC2504CA3D00BA90F7 /* Frameworks */,
			);
			sourceTree = "<group>";
		};
		A6F50C7123642C0D0043ECA1 /* Products */ = {
			isa = PBXGroup;
			children = (
				BE6A09892504C99900BA90F7 /* WHPromiseDemo.app */,
			);
			name = Products;
			sourceTree = "<group>";
		};
		BE6A094825047C7700BA90F7 /* assets */ = {
			isa = PBXGroup;
			children = (
				A6F50C8F236465890043ECA1 /* architecture.png */,
				BE6A094925047C9600BA90F7 /* usecase.png */,
			);
			path = assets;
			sourceTree = "<group>";
		};
		BE6A094A2504B7CA00BA90F7 /* fastlane */ = {
			isa = PBXGroup;
			children = (
				BE6A094B2504B7CA00BA90F7 /* Appfile */,
				BE6A094C2504B7CA00BA90F7 /* Fastfile */,
			);
			path = fastlane;
			sourceTree = "<group>";
		};
		BE6A098A2504C99900BA90F7 /* WHPromiseDemo */ = {
			isa = PBXGroup;
			children = (
				BE6A098B2504C99900BA90F7 /* AppDelegate.swift */,
				BE6A098D2504C99900BA90F7 /* SceneDelegate.swift */,
				BE6A098F2504C99900BA90F7 /* ContentView.swift */,
				BE6A09912504C99900BA90F7 /* Assets.xcassets */,
				BE6A09962504C99900BA90F7 /* LaunchScreen.storyboard */,
				BE6A09992504C99900BA90F7 /* Info.plist */,
				BE6A09932504C99900BA90F7 /* Preview Content */,
			);
			path = WHPromiseDemo;
			sourceTree = "<group>";
		};
		BE6A09932504C99900BA90F7 /* Preview Content */ = {
			isa = PBXGroup;
			children = (
				BE6A09942504C99900BA90F7 /* Preview Assets.xcassets */,
			);
			path = "Preview Content";
			sourceTree = "<group>";
		};
		BE6A09AC2504CA3D00BA90F7 /* Frameworks */ = {
			isa = PBXGroup;
			children = (
			);
			name = Frameworks;
			sourceTree = "<group>";
		};
/* End PBXGroup section */

/* Begin PBXNativeTarget section */
		BE6A09882504C99900BA90F7 /* WHPromiseDemo */ = {
			isa = PBXNativeTarget;
			buildConfigurationList = BE6A09A52504C99900BA90F7 /* Build configuration list for PBXNativeTarget "WHPromiseDemo" */;
			buildPhases = (
				BE6A09852504C99900BA90F7 /* Sources */,
				BE6A09862504C99900BA90F7 /* Frameworks */,
				BE6A09872504C99900BA90F7 /* Resources */,
			);
			buildRules = (
			);
			dependencies = (
			);
			name = WHPromiseDemo;
			packageProductDependencies = (
				BE6A09AD2504CA3D00BA90F7 /* WHPromise */,
			);
			productName = WHPromiseDemo;
			productReference = BE6A09892504C99900BA90F7 /* WHPromiseDemo.app */;
			productType = "com.apple.product-type.application";
		};
/* End PBXNativeTarget section */

/* Begin PBXProject section */
		A6F50C6723642C0D0043ECA1 /* Project object */ = {
			isa = PBXProject;
			attributes = {
				LastSwiftUpdateCheck = 1170;
				LastUpgradeCheck = 1100;
				ORGANIZATIONNAME = "Hsiao, Wayne";
				TargetAttributes = {
					BE6A09882504C99900BA90F7 = {
						CreatedOnToolsVersion = 11.7;
					};
				};
			};
			buildConfigurationList = A6F50C6A23642C0D0043ECA1 /* Build configuration list for PBXProject "WHPromise" */;
			compatibilityVersion = "Xcode 9.3";
			developmentRegion = en;
			hasScannedForEncodings = 0;
			knownRegions = (
				en,
				Base,
			);
			mainGroup = A6F50C6623642C0D0043ECA1;
			productRefGroup = A6F50C7123642C0D0043ECA1 /* Products */;
			projectDirPath = "";
			projectRoot = "";
			targets = (
				BE6A09882504C99900BA90F7 /* WHPromiseDemo */,
			);
		};
/* End PBXProject section */

/* Begin PBXResourcesBuildPhase section */
		BE6A09872504C99900BA90F7 /* Resources */ = {
			isa = PBXResourcesBuildPhase;
			buildActionMask = 2147483647;
			files = (
				BE6A09982504C99900BA90F7 /* LaunchScreen.storyboard in Resources */,
				BE6A09952504C99900BA90F7 /* Preview Assets.xcassets in Resources */,
				BE6A09922504C99900BA90F7 /* Assets.xcassets in Resources */,
			);
			runOnlyForDeploymentPostprocessing = 0;
		};
/* End PBXResourcesBuildPhase section */

/* Begin PBXSourcesBuildPhase section */
		BE6A09852504C99900BA90F7 /* Sources */ = {
			isa = PBXSourcesBuildPhase;
			buildActionMask = 2147483647;
			files = (
				BE6A098C2504C99900BA90F7 /* AppDelegate.swift in Sources */,
				BE6A098E2504C99900BA90F7 /* SceneDelegate.swift in Sources */,
				BE6A09902504C99900BA90F7 /* ContentView.swift in Sources */,
			);
			runOnlyForDeploymentPostprocessing = 0;
		};
/* End PBXSourcesBuildPhase section */

/* Begin PBXVariantGroup section */
		BE6A09962504C99900BA90F7 /* LaunchScreen.storyboard */ = {
			isa = PBXVariantGroup;
			children = (
				BE6A09972504C99900BA90F7 /* Base */,
			);
			name = LaunchScreen.storyboard;
			sourceTree = "<group>";
		};
/* End PBXVariantGroup section */

/* Begin XCBuildConfiguration section */
		A6F50C8223642C0D0043ECA1 /* Debug */ = {
			isa = XCBuildConfiguration;
			baseConfigurationReference = A6B88E25236966CB0004495F /* WHPromise.xcconfig */;
			buildSettings = {
				ALWAYS_SEARCH_USER_PATHS = NO;
				CLANG_ANALYZER_NONNULL = YES;
				CLANG_ANALYZER_NUMBER_OBJECT_CONVERSION = YES_AGGRESSIVE;
				CLANG_CXX_LANGUAGE_STANDARD = "gnu++14";
				CLANG_CXX_LIBRARY = "libc++";
				CLANG_ENABLE_MODULES = YES;
				CLANG_ENABLE_OBJC_ARC = YES;
				CLANG_ENABLE_OBJC_WEAK = YES;
				CLANG_WARN_BLOCK_CAPTURE_AUTORELEASING = YES;
				CLANG_WARN_BOOL_CONVERSION = YES;
				CLANG_WARN_COMMA = YES;
				CLANG_WARN_CONSTANT_CONVERSION = YES;
				CLANG_WARN_DEPRECATED_OBJC_IMPLEMENTATIONS = YES;
				CLANG_WARN_DIRECT_OBJC_ISA_USAGE = YES_ERROR;
				CLANG_WARN_DOCUMENTATION_COMMENTS = YES;
				CLANG_WARN_EMPTY_BODY = YES;
				CLANG_WARN_ENUM_CONVERSION = YES;
				CLANG_WARN_INFINITE_RECURSION = YES;
				CLANG_WARN_INT_CONVERSION = YES;
				CLANG_WARN_NON_LITERAL_NULL_CONVERSION = YES;
				CLANG_WARN_OBJC_IMPLICIT_RETAIN_SELF = YES;
				CLANG_WARN_OBJC_LITERAL_CONVERSION = YES;
				CLANG_WARN_OBJC_ROOT_CLASS = YES_ERROR;
				CLANG_WARN_RANGE_LOOP_ANALYSIS = YES;
				CLANG_WARN_STRICT_PROTOTYPES = YES;
				CLANG_WARN_SUSPICIOUS_MOVE = YES;
				CLANG_WARN_UNGUARDED_AVAILABILITY = YES_AGGRESSIVE;
				CLANG_WARN_UNREACHABLE_CODE = YES;
				CLANG_WARN__DUPLICATE_METHOD_MATCH = YES;
				COPY_PHASE_STRIP = NO;
				CURRENT_PROJECT_VERSION = 1;
				DEBUG_INFORMATION_FORMAT = dwarf;
				ENABLE_STRICT_OBJC_MSGSEND = YES;
				ENABLE_TESTABILITY = YES;
				GCC_C_LANGUAGE_STANDARD = gnu11;
				GCC_DYNAMIC_NO_PIC = NO;
				GCC_NO_COMMON_BLOCKS = YES;
				GCC_OPTIMIZATION_LEVEL = 0;
				GCC_PREPROCESSOR_DEFINITIONS = (
					"DEBUG=1",
					"$(inherited)",
				);
				GCC_WARN_64_TO_32_BIT_CONVERSION = YES;
				GCC_WARN_ABOUT_RETURN_TYPE = YES_ERROR;
				GCC_WARN_UNDECLARED_SELECTOR = YES;
				GCC_WARN_UNINITIALIZED_AUTOS = YES_AGGRESSIVE;
				GCC_WARN_UNUSED_FUNCTION = YES;
				GCC_WARN_UNUSED_VARIABLE = YES;
				IPHONEOS_DEPLOYMENT_TARGET = 10.0;
				MTL_ENABLE_DEBUG_INFO = INCLUDE_SOURCE;
				MTL_FAST_MATH = YES;
				ONLY_ACTIVE_ARCH = YES;
				SDKROOT = iphoneos;
				SWIFT_ACTIVE_COMPILATION_CONDITIONS = DEBUG;
				SWIFT_OPTIMIZATION_LEVEL = "-Onone";
				VERSIONING_SYSTEM = "apple-generic";
				VERSION_INFO_PREFIX = "";
			};
			name = Debug;
		};
		A6F50C8323642C0D0043ECA1 /* Release */ = {
			isa = XCBuildConfiguration;
			baseConfigurationReference = A6B88E25236966CB0004495F /* WHPromise.xcconfig */;
			buildSettings = {
				ALWAYS_SEARCH_USER_PATHS = NO;
				CLANG_ANALYZER_NONNULL = YES;
				CLANG_ANALYZER_NUMBER_OBJECT_CONVERSION = YES_AGGRESSIVE;
				CLANG_CXX_LANGUAGE_STANDARD = "gnu++14";
				CLANG_CXX_LIBRARY = "libc++";
				CLANG_ENABLE_MODULES = YES;
				CLANG_ENABLE_OBJC_ARC = YES;
				CLANG_ENABLE_OBJC_WEAK = YES;
				CLANG_WARN_BLOCK_CAPTURE_AUTORELEASING = YES;
				CLANG_WARN_BOOL_CONVERSION = YES;
				CLANG_WARN_COMMA = YES;
				CLANG_WARN_CONSTANT_CONVERSION = YES;
				CLANG_WARN_DEPRECATED_OBJC_IMPLEMENTATIONS = YES;
				CLANG_WARN_DIRECT_OBJC_ISA_USAGE = YES_ERROR;
				CLANG_WARN_DOCUMENTATION_COMMENTS = YES;
				CLANG_WARN_EMPTY_BODY = YES;
				CLANG_WARN_ENUM_CONVERSION = YES;
				CLANG_WARN_INFINITE_RECURSION = YES;
				CLANG_WARN_INT_CONVERSION = YES;
				CLANG_WARN_NON_LITERAL_NULL_CONVERSION = YES;
				CLANG_WARN_OBJC_IMPLICIT_RETAIN_SELF = YES;
				CLANG_WARN_OBJC_LITERAL_CONVERSION = YES;
				CLANG_WARN_OBJC_ROOT_CLASS = YES_ERROR;
				CLANG_WARN_RANGE_LOOP_ANALYSIS = YES;
				CLANG_WARN_STRICT_PROTOTYPES = YES;
				CLANG_WARN_SUSPICIOUS_MOVE = YES;
				CLANG_WARN_UNGUARDED_AVAILABILITY = YES_AGGRESSIVE;
				CLANG_WARN_UNREACHABLE_CODE = YES;
				CLANG_WARN__DUPLICATE_METHOD_MATCH = YES;
				COPY_PHASE_STRIP = NO;
				CURRENT_PROJECT_VERSION = 1;
				DEBUG_INFORMATION_FORMAT = "dwarf-with-dsym";
				ENABLE_NS_ASSERTIONS = NO;
				ENABLE_STRICT_OBJC_MSGSEND = YES;
				GCC_C_LANGUAGE_STANDARD = gnu11;
				GCC_NO_COMMON_BLOCKS = YES;
				GCC_WARN_64_TO_32_BIT_CONVERSION = YES;
				GCC_WARN_ABOUT_RETURN_TYPE = YES_ERROR;
				GCC_WARN_UNDECLARED_SELECTOR = YES;
				GCC_WARN_UNINITIALIZED_AUTOS = YES_AGGRESSIVE;
				GCC_WARN_UNUSED_FUNCTION = YES;
				GCC_WARN_UNUSED_VARIABLE = YES;
				IPHONEOS_DEPLOYMENT_TARGET = 10.0;
				MTL_ENABLE_DEBUG_INFO = NO;
				MTL_FAST_MATH = YES;
				SDKROOT = iphoneos;
				SWIFT_COMPILATION_MODE = wholemodule;
				SWIFT_OPTIMIZATION_LEVEL = "-O";
				VALIDATE_PRODUCT = YES;
				VERSIONING_SYSTEM = "apple-generic";
				VERSION_INFO_PREFIX = "";
			};
			name = Release;
		};
		BE6A09A62504C99900BA90F7 /* Debug */ = {
			isa = XCBuildConfiguration;
			buildSettings = {
				ASSETCATALOG_COMPILER_APPICON_NAME = AppIcon;
				CODE_SIGN_STYLE = Automatic;
				DEVELOPMENT_ASSET_PATHS = "\"WHPromiseDemo/Preview Content\"";
				DEVELOPMENT_TEAM = 94MBHXKUB6;
				ENABLE_PREVIEWS = YES;
				INFOPLIST_FILE = WHPromiseDemo/Info.plist;
				IPHONEOS_DEPLOYMENT_TARGET = 13.0;
				LD_RUNPATH_SEARCH_PATHS = (
					"$(inherited)",
					"@executable_path/Frameworks",
				);
				PRODUCT_BUNDLE_IDENTIFIER = com.WayneHsiao.WHPromiseDemo;
				PRODUCT_NAME = "$(TARGET_NAME)";
				SWIFT_VERSION = 5.0;
				TARGETED_DEVICE_FAMILY = "1,2";
			};
			name = Debug;
		};
		BE6A09A72504C99900BA90F7 /* Release */ = {
			isa = XCBuildConfiguration;
			buildSettings = {
				ASSETCATALOG_COMPILER_APPICON_NAME = AppIcon;
				CODE_SIGN_STYLE = Automatic;
				DEVELOPMENT_ASSET_PATHS = "\"WHPromiseDemo/Preview Content\"";
				DEVELOPMENT_TEAM = 94MBHXKUB6;
				ENABLE_PREVIEWS = YES;
				INFOPLIST_FILE = WHPromiseDemo/Info.plist;
				IPHONEOS_DEPLOYMENT_TARGET = 13.0;
				LD_RUNPATH_SEARCH_PATHS = (
					"$(inherited)",
					"@executable_path/Frameworks",
				);
				PRODUCT_BUNDLE_IDENTIFIER = com.WayneHsiao.WHPromiseDemo;
				PRODUCT_NAME = "$(TARGET_NAME)";
				SWIFT_VERSION = 5.0;
				TARGETED_DEVICE_FAMILY = "1,2";
			};
			name = Release;
		};
/* End XCBuildConfiguration section */

/* Begin XCConfigurationList section */
		A6F50C6A23642C0D0043ECA1 /* Build configuration list for PBXProject "WHPromise" */ = {
			isa = XCConfigurationList;
			buildConfigurations = (
				A6F50C8223642C0D0043ECA1 /* Debug */,
				A6F50C8323642C0D0043ECA1 /* Release */,
			);
			defaultConfigurationIsVisible = 0;
			defaultConfigurationName = Release;
		};
		BE6A09A52504C99900BA90F7 /* Build configuration list for PBXNativeTarget "WHPromiseDemo" */ = {
			isa = XCConfigurationList;
			buildConfigurations = (
				BE6A09A62504C99900BA90F7 /* Debug */,
				BE6A09A72504C99900BA90F7 /* Release */,
			);
			defaultConfigurationIsVisible = 0;
			defaultConfigurationName = Release;
		};
/* End XCConfigurationList section */

/* Begin XCSwiftPackageProductDependency section */
		BE6A09AD2504CA3D00BA90F7 /* WHPromise */ = {
			isa = XCSwiftPackageProductDependency;
			productName = WHPromise;
		};
/* End XCSwiftPackageProductDependency section */
	};
	rootObject = A6F50C6723642C0D0043ECA1 /* Project object */;
}
